Microsoft Visual Studio Solution File, Format Version 12.00
# Visual Studio Version 17
VisualStudioVersion = 17.13.35825.156
MinimumVisualStudioVersion = 10.0.40219.1
Project("{FAE04EC0-301F-11D3-BF4B-00C04F79EFBC}") = "MauiAppMinhasCompras", "MauiAppMinhasCompras\MauiAppMinhasCompras.csproj", "{2C754244-B2D7-4AB5-8301-352D4D3570F7}"
EndProject
Global
	GlobalSection(SolutionConfigurationPlatforms) = preSolution
		Debug|Any CPU = Debug|Any CPU
		Release|Any CPU = Release|Any CPU
	EndGlobalSection
	GlobalSection(ProjectConfigurationPlatforms) = postSolution
		{2C754244-B2D7-4AB5-8301-352D4D3570F7}.Debug|Any CPU.ActiveCfg = Debug|Any CPU
		{2C754244-B2D7-4AB5-8301-352D4D3570F7}.Debug|Any CPU.Build.0 = Debug|Any CPU
		{2C754244-B2D7-4AB5-8301-352D4D3570F7}.Debug|Any CPU.Deploy.0 = Debug|Any CPU
		{2C754244-B2D7-4AB5-8301-352D4D3570F7}.Release|Any CPU.ActiveCfg = Release|Any CPU
		{2C754244-B2D7-4AB5-8301-352D4D3570F7}.Release|Any CPU.Build.0 = Release|Any CPU
		{2C754244-B2D7-4AB5-8301-352D4D3570F7}.Release|Any CPU.Deploy.0 = Release|Any CPU
	EndGlobalSection
	GlobalSection(SolutionProperties) = preSolution
		HideSolutionNode = FALSE
	EndGlobalSection
	GlobalSection(ExtensibilityGlobals) = postSolution
		SolutionGuid = {F6D868C0-0640-4C04-B0D7-1E75EDC4D9B3}
	EndGlobalSection
EndGlobal
